{
  "version": 4,
  "terraform_version": "1.9.2",
  "serial": 58,
  "lineage": "bff277a9-4662-2563-ec36-7fa560df12ad",
  "outputs": {},
  "resources": [
    {
      "mode": "managed",
      "type": "google_service_account",
      "name": "content_server_sa",
      "provider": "provider[\"registry.terraform.io/hashicorp/google\"]",
      "instances": [
        {
          "schema_version": 0,
          "attributes": {
            "account_id": "content-server-sa",
            "create_ignore_already_exists": null,
            "description": "",
            "disabled": false,
            "display_name": "Content Server Service Account",
            "email": "content-server-sa@polygonlabs-oys-dev.iam.gserviceaccount.com",
            "id": "projects/polygonlabs-oys-dev/serviceAccounts/content-server-sa@polygonlabs-oys-dev.iam.gserviceaccount.com",
            "member": "serviceAccount:content-server-sa@polygonlabs-oys-dev.iam.gserviceaccount.com",
            "name": "projects/polygonlabs-oys-dev/serviceAccounts/content-server-sa@polygonlabs-oys-dev.iam.gserviceaccount.com",
            "project": "polygonlabs-oys-dev",
            "timeouts": null,
            "unique_id": "112327694218708161332"
          },
          "sensitive_attributes": [],
          "private": "eyJlMmJmYjczMC1lY2FhLTExZTYtOGY4OC0zNDM2M2JjN2M0YzAiOnsiY3JlYXRlIjozMDAwMDAwMDAwMDB9fQ=="
        }
      ]
    },
    {
      "module": "module.cloud_sql",
      "mode": "managed",
      "type": "google_sql_database_instance",
      "name": "default",
      "provider": "provider[\"registry.terraform.io/hashicorp/google\"]",
      "instances": [
        {
          "schema_version": 0,
          "attributes": {
            "available_maintenance_versions": [],
            "clone": [],
            "connection_name": "polygonlabs-oys-dev:europe-west2:content-db",
            "database_version": "POSTGRES_13",
            "deletion_protection": false,
            "dns_name": "",
            "dns_names": [],
            "encryption_key_name": null,
            "first_ip_address": "34.147.221.58",
            "id": "content-db",
            "instance_type": "CLOUD_SQL_INSTANCE",
            "ip_address": [
              {
                "ip_address": "34.147.221.58",
                "time_to_retire": "",
                "type": "PRIMARY"
              },
              {
                "ip_address": "35.246.110.55",
                "time_to_retire": "",
                "type": "OUTGOING"
              }
            ],
            "maintenance_version": "POSTGRES_13_21.R20250302.00_31",
            "master_instance_name": "",
            "name": "content-db",
            "private_ip_address": "",
            "project": "polygonlabs-oys-dev",
            "psc_service_attachment_link": "",
            "public_ip_address": "34.147.221.58",
            "region": "europe-west2",
            "replica_configuration": [],
            "replica_names": [],
            "replication_cluster": [
              {
                "dr_replica": false,
                "failover_dr_replica_name": ""
              }
            ],
            "restore_backup_context": [],
            "root_password": null,
            "self_link": "https://sqladmin.googleapis.com/sql/v1beta4/projects/polygonlabs-oys-dev/instances/content-db",
            "server_ca_cert": [
              {
                "cert": "-----BEGIN CERTIFICATE-----\nMIIDfzCCAmegAwIBAgIBADANBgkqhkiG9w0BAQsFADB3MS0wKwYDVQQuEyRlNmRk\nMzUyNi0zODdkLTRiZjYtYWY3MC1iMzhjNzlkN2VmMTQxIzAhBgNVBAMTGkdvb2ds\nZSBDbG91ZCBTUUwgU2VydmVyIENBMRQwEgYDVQQKEwtHb29nbGUsIEluYzELMAkG\nA1UEBhMCVVMwHhcNMjUwNjExMDM1ODMzWhcNMzUwNjA5MDM1OTMzWjB3MS0wKwYD\nVQQuEyRlNmRkMzUyNi0zODdkLTRiZjYtYWY3MC1iMzhjNzlkN2VmMTQxIzAhBgNV\nBAMTGkdvb2dsZSBDbG91ZCBTUUwgU2VydmVyIENBMRQwEgYDVQQKEwtHb29nbGUs\nIEluYzELMAkGA1UEBhMCVVMwggEiMA0GCSqGSIb3DQEBAQUAA4IBDwAwggEKAoIB\nAQCqVFYp9u4gkuWXjN6EYAV6OIPcSDBJ5WSmeBZCCK+gjqmxKVIhxrnpFUIEIhS3\nR2SWrQ6gWH6Kt9Cv2hvj2QqkkQq0AuRWBoar8lBiq6/BfD6llT0RRwbHS8HvGqgz\n+qqztdptc/OrMMXn54rzlFOW7gPzCakQG3kfk/pKFbgkhhqMaPYedF5y1aoHkuHH\nIzBMlGlSoVLlCmclKiTB8lvqG0v1KO6RHVjKqja8FtlfVAUdMU9b2bt7HBn1EaWk\n7pvZwcv33Sz9zHuUn3yrF/bwjpMXDjoD8oOfo8sfzLXENyLDiQDPPZ5F8pUWgQFF\nb3TDUFGI9Q/dw+zd08pBHSw9AgMBAAGjFjAUMBIGA1UdEwEB/wQIMAYBAf8CAQAw\nDQYJKoZIhvcNAQELBQADggEBAFp4M2iR24xU7N29lL/TBO4ls2nBnKhCyeVsSOOD\n3119DAKolcGEIiufXGn+KdQ+g0r1TWgJPm88nbm5rj7jMiQ+M8uK6dJgdEt8tyPd\nVFsfa7/hBWlXDPMG/w5XdvGKOUw1n1dldvdszwrypy1vTsEJ4EZ7dyE2s61psbN/\nXBbIUNqfHJxklef376Sdvq9t+byp8cgDx+45JizV5I4Q2kRFVg2R5gJ6oWJKt5co\neeaK+hJBQanQDHtbGFS/ueM5KA7qTn68iYZvu5eX85XacKhvHQ+2MtZSyVGi2TKv\n/8oc1LJ7jx/gtbTC+AuJENTTmlotmf8gxS2QXur3/toMInk=\n-----END CERTIFICATE-----",
                "common_name": "C=US,O=Google\\, Inc,CN=Google Cloud SQL Server CA,dnQualifier=e6dd3526-387d-4bf6-af70-b38c79d7ef14",
                "create_time": "2025-06-11T03:58:33.320Z",
                "expiration_time": "2035-06-09T03:59:33.320Z",
                "sha1_fingerprint": "566c4f3a738b37febc78b8bc0b405d9c3ceaa055"
              }
            ],
            "service_account_email_address": "p71211925877-3uzs7n@gcp-sa-cloud-sql.iam.gserviceaccount.com",
            "settings": [
              {
                "activation_policy": "ALWAYS",
                "active_directory_config": [],
                "advanced_machine_features": [],
                "availability_type": "ZONAL",
                "backup_configuration": [
                  {
                    "backup_retention_settings": [
                      {
                        "retained_backups": 7,
                        "retention_unit": "COUNT"
                      }
                    ],
                    "binary_log_enabled": false,
                    "enabled": false,
                    "location": "",
                    "point_in_time_recovery_enabled": false,
                    "start_time": "04:00",
                    "transaction_log_retention_days": 7
                  }
                ],
                "collation": "",
                "connection_pool_config": [],
                "connector_enforcement": "NOT_REQUIRED",
                "data_cache_config": [
                  {
                    "data_cache_enabled": false
                  }
                ],
                "database_flags": [],
                "deletion_protection_enabled": false,
                "deny_maintenance_period": [],
                "disk_autoresize": true,
                "disk_autoresize_limit": 0,
                "disk_size": 10,
                "disk_type": "PD_SSD",
                "edition": "ENTERPRISE",
                "enable_dataplex_integration": false,
                "enable_google_ml_integration": false,
                "insights_config": [],
                "ip_configuration": [
                  {
                    "allocated_ip_range": "",
                    "authorized_networks": [],
                    "custom_subject_alternative_names": [],
                    "enable_private_path_for_google_cloud_services": false,
                    "ipv4_enabled": true,
                    "private_network": "",
                    "psc_config": [],
                    "server_ca_mode": "GOOGLE_MANAGED_INTERNAL_CA",
                    "server_ca_pool": "",
                    "ssl_mode": "ALLOW_UNENCRYPTED_AND_ENCRYPTED"
                  }
                ],
                "location_preference": [
                  {
                    "follow_gae_application": "",
                    "secondary_zone": "",
                    "zone": "europe-west2-a"
                  }
                ],
                "maintenance_window": [],
                "password_validation_policy": [],
                "pricing_plan": "PER_USE",
                "retain_backups_on_delete": false,
                "sql_server_audit_config": [],
                "tier": "db-f1-micro",
                "time_zone": "",
                "user_labels": {},
                "version": 3
              }
            ],
            "timeouts": null
          },
          "sensitive_attributes": [
            [
              {
                "type": "get_attr",
                "value": "root_password"
              }
            ],
            [
              {
                "type": "get_attr",
                "value": "server_ca_cert"
              }
            ]
          ],
          "private": "eyJlMmJmYjczMC1lY2FhLTExZTYtOGY4OC0zNDM2M2JjN2M0YzAiOnsiY3JlYXRlIjo1NDAwMDAwMDAwMDAwLCJkZWxldGUiOjU0MDAwMDAwMDAwMDAsInVwZGF0ZSI6NTQwMDAwMDAwMDAwMH19"
        }
      ]
    },
    {
      "module": "module.compute",
      "mode": "managed",
      "type": "google_compute_instance_template",
      "name": "template",
      "provider": "provider[\"registry.terraform.io/hashicorp/google\"]",
      "instances": [
        {
          "schema_version": 1,
          "attributes": {
            "advanced_machine_features": [],
            "can_ip_forward": false,
            "confidential_instance_config": null,
            "creation_timestamp": "2025-06-10T21:54:59.792-07:00",
            "description": "",
            "disk": [
              {
                "architecture": "",
                "auto_delete": true,
                "boot": true,
                "device_name": "persistent-disk-0",
                "disk_encryption_key": [],
                "disk_name": "",
                "disk_size_gb": 0,
                "disk_type": "pd-standard",
                "guest_os_features": null,
                "interface": "SCSI",
                "labels": null,
                "mode": "READ_WRITE",
                "provisioned_iops": 0,
                "provisioned_throughput": 0,
                "resource_manager_tags": null,
                "resource_policies": null,
                "source": "",
                "source_image": "projects/ubuntu-os-cloud/global/images/family/ubuntu-2204-lts",
                "source_image_encryption_key": [],
                "source_snapshot": "",
                "source_snapshot_encryption_key": [],
                "type": "PERSISTENT"
              }
            ],
            "effective_labels": {
              "goog-terraform-provisioned": "true"
            },
            "guest_accelerator": [],
            "id": "projects/polygonlabs-oys-dev/global/instanceTemplates/content-server-template",
            "instance_description": "",
            "key_revocation_action_type": "",
            "labels": null,
            "machine_type": "e2-medium",
            "metadata": null,
            "metadata_fingerprint": "ySTQ_wu7b5g=",
            "metadata_startup_script": "#!/bin/bash\necho Hello, World \u003e /var/www/html/index.html",
            "min_cpu_platform": "",
            "name": "content-server-template",
            "name_prefix": null,
            "network_interface": [
              {
                "access_config": [
                  {
                    "nat_ip": "",
                    "network_tier": "PREMIUM",
                    "public_ptr_domain_name": ""
                  }
                ],
                "alias_ip_range": [],
                "internal_ipv6_prefix_length": 0,
                "ipv6_access_config": [],
                "ipv6_access_type": "",
                "ipv6_address": "",
                "name": "nic0",
                "network": "https://www.googleapis.com/compute/v1/projects/polygonlabs-oys-dev/global/networks/main-vpc",
                "network_ip": "",
                "nic_type": "",
                "queue_count": 0,
                "stack_type": "",
                "subnetwork": "https://www.googleapis.com/compute/v1/projects/polygonlabs-oys-dev/regions/europe-west2/subnetworks/main-subnet",
                "subnetwork_project": "polygonlabs-oys-dev"
              }
            ],
            "network_performance_config": [],
            "numeric_id": "1046063060653224653",
            "project": "polygonlabs-oys-dev",
            "region": "europe-west2",
            "reservation_affinity": [],
            "resource_manager_tags": null,
            "resource_policies": null,
            "scheduling": [
              {
                "automatic_restart": true,
                "availability_domain": 0,
                "instance_termination_action": "",
                "local_ssd_recovery_timeout": [],
                "max_run_duration": [],
                "min_node_cpus": 0,
                "node_affinities": [],
                "on_host_maintenance": "MIGRATE",
                "on_instance_stop_action": [],
                "preemptible": false,
                "provisioning_model": "STANDARD",
                "termination_time": ""
              }
            ],
            "self_link": "https://www.googleapis.com/compute/v1/projects/polygonlabs-oys-dev/global/instanceTemplates/content-server-template",
            "self_link_unique": "https://www.googleapis.com/compute/v1/projects/polygonlabs-oys-dev/global/instanceTemplates/content-server-template?uniqueId=1046063060653224653",
            "service_account": [
              {
                "email": "content-server-sa@polygonlabs-oys-dev.iam.gserviceaccount.com",
                "scopes": [
                  "https://www.googleapis.com/auth/cloud-platform"
                ]
              }
            ],
            "shielded_instance_config": [],
            "tags": null,
            "tags_fingerprint": "",
            "terraform_labels": {
              "goog-terraform-provisioned": "true"
            },
            "timeouts": null
          },
          "sensitive_attributes": [],
          "private": "eyJlMmJmYjczMC1lY2FhLTExZTYtOGY4OC0zNDM2M2JjN2M0YzAiOnsiY3JlYXRlIjoyNDAwMDAwMDAwMDAsImRlbGV0ZSI6MjQwMDAwMDAwMDAwfSwic2NoZW1hX3ZlcnNpb24iOiIxIn0=",
          "dependencies": [
            "google_service_account.content_server_sa",
            "module.network.google_compute_network.vpc_network",
            "module.network.google_compute_subnetwork.subnet"
          ]
        }
      ]
    },
    {
      "module": "module.compute",
      "mode": "managed",
      "type": "google_compute_region_instance_group_manager",
      "name": "group",
      "provider": "provider[\"registry.terraform.io/hashicorp/google\"]",
      "instances": [
        {
          "schema_version": 0,
          "attributes": {
            "all_instances_config": [],
            "auto_healing_policies": [],
            "base_instance_name": "content-instance",
            "creation_timestamp": "2025-06-10T21:55:03.836-07:00",
            "description": "",
            "distribution_policy_target_shape": "EVEN",
            "distribution_policy_zones": [
              "europe-west2-a",
              "europe-west2-b",
              "europe-west2-c"
            ],
            "fingerprint": "Ta5AYplUFLU=",
            "id": "projects/polygonlabs-oys-dev/regions/europe-west2/instanceGroupManagers/content-group",
            "instance_flexibility_policy": [],
            "instance_group": "https://www.googleapis.com/compute/v1/projects/polygonlabs-oys-dev/regions/europe-west2/instanceGroups/content-group",
            "instance_group_manager_id": 499501830555087560,
            "instance_lifecycle_policy": [
              {
                "default_action_on_failure": "REPAIR",
                "force_update_on_repair": "NO"
              }
            ],
            "list_managed_instances_results": "PAGELESS",
            "name": "content-group",
            "named_port": [],
            "project": "polygonlabs-oys-dev",
            "region": "europe-west2",
            "self_link": "https://www.googleapis.com/compute/v1/projects/polygonlabs-oys-dev/regions/europe-west2/instanceGroupManagers/content-group",
            "standby_policy": [
              {
                "initial_delay_sec": 0,
                "mode": "MANUAL"
              }
            ],
            "stateful_disk": [],
            "stateful_external_ip": [],
            "stateful_internal_ip": [],
            "status": [
              {
                "all_instances_config": [
                  {
                    "current_revision": "",
                    "effective": true
                  }
                ],
                "is_stable": false,
                "stateful": [
                  {
                    "has_stateful_config": false,
                    "per_instance_configs": [
                      {
                        "all_effective": true
                      }
                    ]
                  }
                ],
                "version_target": [
                  {
                    "is_reached": true
                  }
                ]
              }
            ],
            "target_pools": null,
            "target_size": 2,
            "target_stopped_size": 0,
            "target_suspended_size": 0,
            "timeouts": null,
            "update_policy": [
              {
                "instance_redistribution_type": "PROACTIVE",
                "max_surge_fixed": 3,
                "max_surge_percent": 0,
                "max_unavailable_fixed": 3,
                "max_unavailable_percent": 0,
                "minimal_action": "REPLACE",
                "most_disruptive_allowed_action": "",
                "replacement_method": "SUBSTITUTE",
                "type": "OPPORTUNISTIC"
              }
            ],
            "version": [
              {
                "instance_template": "https://www.googleapis.com/compute/v1/projects/polygonlabs-oys-dev/global/instanceTemplates/content-server-template",
                "name": "",
                "target_size": []
              }
            ],
            "wait_for_instances": false,
            "wait_for_instances_status": "STABLE"
          },
          "sensitive_attributes": [],
          "private": "eyJlMmJmYjczMC1lY2FhLTExZTYtOGY4OC0zNDM2M2JjN2M0YzAiOnsiY3JlYXRlIjo5MDAwMDAwMDAwMDAsImRlbGV0ZSI6OTAwMDAwMDAwMDAwLCJ1cGRhdGUiOjkwMDAwMDAwMDAwMH19",
          "dependencies": [
            "google_service_account.content_server_sa",
            "module.compute.google_compute_instance_template.template",
            "module.network.google_compute_network.vpc_network",
            "module.network.google_compute_subnetwork.subnet"
          ]
        }
      ]
    },
    {
      "module": "module.load_balancer",
      "mode": "managed",
      "type": "google_compute_backend_service",
      "name": "default",
      "provider": "provider[\"registry.terraform.io/hashicorp/google\"]",
      "instances": [
        {
          "schema_version": 1,
          "attributes": {
            "affinity_cookie_ttl_sec": 0,
            "backend": [
              {
                "balancing_mode": "UTILIZATION",
                "capacity_scaler": 1,
                "custom_metrics": [],
                "description": "",
                "group": "https://www.googleapis.com/compute/v1/projects/polygonlabs-oys-dev/regions/europe-west2/instanceGroups/content-group",
                "max_connections": 0,
                "max_connections_per_endpoint": 0,
                "max_connections_per_instance": 0,
                "max_rate": 0,
                "max_rate_per_endpoint": 0,
                "max_rate_per_instance": 0,
                "max_utilization": 0,
                "preference": ""
              }
            ],
            "cdn_policy": [],
            "circuit_breakers": [],
            "compression_mode": "",
            "connection_draining_timeout_sec": 300,
            "consistent_hash": [],
            "creation_timestamp": "2025-06-10T21:55:32.459-07:00",
            "custom_metrics": [],
            "custom_request_headers": null,
            "custom_response_headers": null,
            "description": "",
            "edge_security_policy": "",
            "enable_cdn": false,
            "external_managed_migration_state": "",
            "external_managed_migration_testing_percentage": 0,
            "fingerprint": "exfAPyyIGRw=",
            "generated_id": 6554345350619247275,
            "health_checks": [
              "projects/polygonlabs-oys-dev/global/healthChecks/backend-service-hc"
            ],
            "iap": [],
            "id": "projects/polygonlabs-oys-dev/global/backendServices/backend-service",
            "ip_address_selection_policy": "",
            "load_balancing_scheme": "EXTERNAL",
            "locality_lb_policies": [],
            "locality_lb_policy": "",
            "log_config": [],
            "max_stream_duration": [],
            "name": "backend-service",
            "outlier_detection": [],
            "port_name": "http",
            "project": "polygonlabs-oys-dev",
            "protocol": "HTTP",
            "security_policy": "",
            "security_settings": [],
            "self_link": "https://www.googleapis.com/compute/v1/projects/polygonlabs-oys-dev/global/backendServices/backend-service",
            "service_lb_policy": "",
            "session_affinity": "NONE",
            "strong_session_affinity_cookie": [],
            "timeout_sec": 30,
            "timeouts": null
          },
          "sensitive_attributes": [],
          "private": "eyJlMmJmYjczMC1lY2FhLTExZTYtOGY4OC0zNDM2M2JjN2M0YzAiOnsiY3JlYXRlIjoxMjAwMDAwMDAwMDAwLCJkZWxldGUiOjEyMDAwMDAwMDAwMDAsInVwZGF0ZSI6MTIwMDAwMDAwMDAwMH0sInNjaGVtYV92ZXJzaW9uIjoiMSJ9",
          "dependencies": [
            "google_service_account.content_server_sa",
            "module.compute.google_compute_instance_template.template",
            "module.compute.google_compute_region_instance_group_manager.group",
            "module.load_balancer.google_compute_health_check.default",
            "module.network.google_compute_network.vpc_network",
            "module.network.google_compute_subnetwork.subnet"
          ]
        }
      ]
    },
    {
      "module": "module.load_balancer",
      "mode": "managed",
      "type": "google_compute_global_forwarding_rule",
      "name": "default",
      "provider": "provider[\"registry.terraform.io/hashicorp/google\"]",
      "instances": [
        {
          "schema_version": 0,
          "attributes": {
            "base_forwarding_rule": "",
            "description": "",
            "effective_labels": {},
            "external_managed_backend_bucket_migration_state": "",
            "external_managed_backend_bucket_migration_testing_percentage": 0,
            "forwarding_rule_id": 7923978887663759942,
            "id": "projects/polygonlabs-oys-dev/global/forwardingRules/http-rule",
            "ip_address": "34.36.136.136",
            "ip_protocol": "TCP",
            "ip_version": "",
            "label_fingerprint": "42WmSpB8rSM=",
            "labels": null,
            "load_balancing_scheme": "EXTERNAL",
            "metadata_filters": [],
            "name": "http-rule",
            "network": "",
            "network_tier": "PREMIUM",
            "no_automate_dns_zone": null,
            "port_range": "80-80",
            "project": "polygonlabs-oys-dev",
            "psc_connection_id": "",
            "psc_connection_status": "",
            "self_link": "https://www.googleapis.com/compute/v1/projects/polygonlabs-oys-dev/global/forwardingRules/http-rule",
            "service_directory_registrations": [],
            "source_ip_ranges": null,
            "subnetwork": "",
            "target": "https://www.googleapis.com/compute/v1/projects/polygonlabs-oys-dev/global/targetHttpProxies/http-proxy",
            "terraform_labels": {},
            "timeouts": null
          },
          "sensitive_attributes": [],
          "private": "eyJlMmJmYjczMC1lY2FhLTExZTYtOGY4OC0zNDM2M2JjN2M0YzAiOnsiY3JlYXRlIjoxMjAwMDAwMDAwMDAwLCJkZWxldGUiOjEyMDAwMDAwMDAwMDAsInVwZGF0ZSI6MTIwMDAwMDAwMDAwMH19",
          "dependencies": [
            "google_service_account.content_server_sa",
            "module.compute.google_compute_instance_template.template",
            "module.compute.google_compute_region_instance_group_manager.group",
            "module.load_balancer.google_compute_backend_service.default",
            "module.load_balancer.google_compute_health_check.default",
            "module.load_balancer.google_compute_target_http_proxy.default",
            "module.load_balancer.google_compute_url_map.default",
            "module.network.google_compute_network.vpc_network",
            "module.network.google_compute_subnetwork.subnet"
          ]
        }
      ]
    },
    {
      "module": "module.load_balancer",
      "mode": "managed",
      "type": "google_compute_health_check",
      "name": "default",
      "provider": "provider[\"registry.terraform.io/hashicorp/google\"]",
      "instances": [
        {
          "schema_version": 0,
          "attributes": {
            "check_interval_sec": 5,
            "creation_timestamp": "2025-06-10T21:53:46.256-07:00",
            "description": "",
            "grpc_health_check": [],
            "healthy_threshold": 2,
            "http2_health_check": [],
            "http_health_check": [
              {
                "host": "",
                "port": 80,
                "port_name": "",
                "port_specification": "",
                "proxy_header": "NONE",
                "request_path": "/",
                "response": ""
              }
            ],
            "https_health_check": [],
            "id": "projects/polygonlabs-oys-dev/global/healthChecks/backend-service-hc",
            "log_config": [
              {
                "enable": false
              }
            ],
            "name": "backend-service-hc",
            "project": "polygonlabs-oys-dev",
            "self_link": "https://www.googleapis.com/compute/v1/projects/polygonlabs-oys-dev/global/healthChecks/backend-service-hc",
            "source_regions": null,
            "ssl_health_check": [],
            "tcp_health_check": [],
            "timeout_sec": 5,
            "timeouts": null,
            "type": "HTTP",
            "unhealthy_threshold": 2
          },
          "sensitive_attributes": [],
          "private": "eyJlMmJmYjczMC1lY2FhLTExZTYtOGY4OC0zNDM2M2JjN2M0YzAiOnsiY3JlYXRlIjoxMjAwMDAwMDAwMDAwLCJkZWxldGUiOjEyMDAwMDAwMDAwMDAsInVwZGF0ZSI6MTIwMDAwMDAwMDAwMH19"
        }
      ]
    },
    {
      "module": "module.load_balancer",
      "mode": "managed",
      "type": "google_compute_target_http_proxy",
      "name": "default",
      "provider": "provider[\"registry.terraform.io/hashicorp/google\"]",
      "instances": [
        {
          "schema_version": 0,
          "attributes": {
            "creation_timestamp": "2025-06-10T21:57:00.948-07:00",
            "description": "",
            "http_keep_alive_timeout_sec": 0,
            "id": "projects/polygonlabs-oys-dev/global/targetHttpProxies/http-proxy",
            "name": "http-proxy",
            "project": "polygonlabs-oys-dev",
            "proxy_bind": false,
            "proxy_id": 2688533961384440435,
            "self_link": "https://www.googleapis.com/compute/v1/projects/polygonlabs-oys-dev/global/targetHttpProxies/http-proxy",
            "timeouts": null,
            "url_map": "https://www.googleapis.com/compute/v1/projects/polygonlabs-oys-dev/global/urlMaps/url-map"
          },
          "sensitive_attributes": [],
          "private": "eyJlMmJmYjczMC1lY2FhLTExZTYtOGY4OC0zNDM2M2JjN2M0YzAiOnsiY3JlYXRlIjoxMjAwMDAwMDAwMDAwLCJkZWxldGUiOjEyMDAwMDAwMDAwMDAsInVwZGF0ZSI6MTIwMDAwMDAwMDAwMH19",
          "dependencies": [
            "google_service_account.content_server_sa",
            "module.compute.google_compute_instance_template.template",
            "module.compute.google_compute_region_instance_group_manager.group",
            "module.load_balancer.google_compute_backend_service.default",
            "module.load_balancer.google_compute_health_check.default",
            "module.load_balancer.google_compute_url_map.default",
            "module.network.google_compute_network.vpc_network",
            "module.network.google_compute_subnetwork.subnet"
          ]
        }
      ]
    },
    {
      "module": "module.load_balancer",
      "mode": "managed",
      "type": "google_compute_url_map",
      "name": "default",
      "provider": "provider[\"registry.terraform.io/hashicorp/google\"]",
      "instances": [
        {
          "schema_version": 0,
          "attributes": {
            "creation_timestamp": "2025-06-10T21:56:48.350-07:00",
            "default_route_action": [],
            "default_service": "https://www.googleapis.com/compute/v1/projects/polygonlabs-oys-dev/global/backendServices/backend-service",
            "default_url_redirect": [],
            "description": "",
            "fingerprint": "7rM5vFDkrEs=",
            "header_action": [],
            "host_rule": [],
            "id": "projects/polygonlabs-oys-dev/global/urlMaps/url-map",
            "map_id": 8377540005490635391,
            "name": "url-map",
            "path_matcher": [],
            "project": "polygonlabs-oys-dev",
            "self_link": "https://www.googleapis.com/compute/v1/projects/polygonlabs-oys-dev/global/urlMaps/url-map",
            "test": [],
            "timeouts": null
          },
          "sensitive_attributes": [],
          "private": "eyJlMmJmYjczMC1lY2FhLTExZTYtOGY4OC0zNDM2M2JjN2M0YzAiOnsiY3JlYXRlIjoxMjAwMDAwMDAwMDAwLCJkZWxldGUiOjEyMDAwMDAwMDAwMDAsInVwZGF0ZSI6MTIwMDAwMDAwMDAwMH19",
          "dependencies": [
            "google_service_account.content_server_sa",
            "module.compute.google_compute_instance_template.template",
            "module.compute.google_compute_region_instance_group_manager.group",
            "module.load_balancer.google_compute_backend_service.default",
            "module.load_balancer.google_compute_health_check.default",
            "module.network.google_compute_network.vpc_network",
            "module.network.google_compute_subnetwork.subnet"
          ]
        }
      ]
    },
    {
      "module": "module.network",
      "mode": "managed",
      "type": "google_compute_network",
      "name": "vpc_network",
      "provider": "provider[\"registry.terraform.io/hashicorp/google\"]",
      "instances": [
        {
          "schema_version": 0,
          "attributes": {
            "auto_create_subnetworks": true,
            "bgp_always_compare_med": false,
            "bgp_best_path_selection_mode": "LEGACY",
            "bgp_inter_region_cost": "",
            "delete_default_routes_on_create": false,
            "description": "",
            "enable_ula_internal_ipv6": false,
            "gateway_ipv4": "",
            "id": "projects/polygonlabs-oys-dev/global/networks/main-vpc",
            "internal_ipv6_range": "",
            "mtu": 0,
            "name": "main-vpc",
            "network_firewall_policy_enforcement_order": "AFTER_CLASSIC_FIREWALL",
            "network_id": "3163071626470536501",
            "network_profile": "",
            "numeric_id": "3163071626470536501",
            "project": "polygonlabs-oys-dev",
            "routing_mode": "REGIONAL",
            "self_link": "https://www.googleapis.com/compute/v1/projects/polygonlabs-oys-dev/global/networks/main-vpc",
            "timeouts": null
          },
          "sensitive_attributes": [],
          "private": "eyJlMmJmYjczMC1lY2FhLTExZTYtOGY4OC0zNDM2M2JjN2M0YzAiOnsiY3JlYXRlIjoxMjAwMDAwMDAwMDAwLCJkZWxldGUiOjEyMDAwMDAwMDAwMDAsInVwZGF0ZSI6MTIwMDAwMDAwMDAwMH19"
        }
      ]
    },
    {
      "module": "module.network",
      "mode": "managed",
      "type": "google_compute_subnetwork",
      "name": "subnet",
      "provider": "provider[\"registry.terraform.io/hashicorp/google\"]",
      "instances": [
        {
          "schema_version": 0,
          "attributes": {
            "creation_timestamp": "2025-06-10T21:54:43.237-07:00",
            "description": "",
            "enable_flow_logs": false,
            "external_ipv6_prefix": "",
            "fingerprint": null,
            "gateway_address": "10.0.0.1",
            "id": "projects/polygonlabs-oys-dev/regions/europe-west2/subnetworks/main-subnet",
            "internal_ipv6_prefix": "",
            "ip_cidr_range": "10.0.0.0/24",
            "ip_collection": null,
            "ipv6_access_type": "",
            "ipv6_cidr_range": "",
            "ipv6_gce_endpoint": "",
            "log_config": [],
            "name": "main-subnet",
            "network": "https://www.googleapis.com/compute/v1/projects/polygonlabs-oys-dev/global/networks/main-vpc",
            "private_ip_google_access": false,
            "private_ipv6_google_access": "DISABLE_GOOGLE_ACCESS",
            "project": "polygonlabs-oys-dev",
            "purpose": "PRIVATE",
            "region": "europe-west2",
            "reserved_internal_range": "",
            "role": "",
            "secondary_ip_range": [],
            "self_link": "https://www.googleapis.com/compute/v1/projects/polygonlabs-oys-dev/regions/europe-west2/subnetworks/main-subnet",
            "send_secondary_ip_range_if_empty": null,
            "stack_type": "IPV4_ONLY",
            "state": "",
            "subnetwork_id": 2055012554213995260,
            "timeouts": null
          },
          "sensitive_attributes": [],
          "private": "eyJlMmJmYjczMC1lY2FhLTExZTYtOGY4OC0zNDM2M2JjN2M0YzAiOnsiY3JlYXRlIjoxMjAwMDAwMDAwMDAwLCJkZWxldGUiOjEyMDAwMDAwMDAwMDAsInVwZGF0ZSI6MTIwMDAwMDAwMDAwMH19",
          "dependencies": [
            "module.network.google_compute_network.vpc_network"
          ]
        }
      ]
    },
    {
      "module": "module.storage",
      "mode": "managed",
      "type": "google_storage_bucket",
      "name": "default",
      "provider": "provider[\"registry.terraform.io/hashicorp/google\"]",
      "instances": [
        {
          "schema_version": 3,
          "attributes": {
            "autoclass": [],
            "cors": [],
            "custom_placement_config": [],
            "default_event_based_hold": false,
            "effective_labels": {
              "goog-terraform-provisioned": "true"
            },
            "enable_object_retention": false,
            "encryption": [],
            "force_destroy": false,
            "hierarchical_namespace": [
              {
                "enabled": false
              }
            ],
            "id": "content-server-bucket-polygonlabs-oys-dev",
            "ip_filter": [],
            "labels": null,
            "lifecycle_rule": [],
            "location": "EUROPE-WEST2",
            "logging": [],
            "name": "content-server-bucket-polygonlabs-oys-dev",
            "project": "polygonlabs-oys-dev",
            "project_number": 71211925877,
            "public_access_prevention": "inherited",
            "requester_pays": false,
            "retention_policy": [],
            "rpo": null,
            "self_link": "https://www.googleapis.com/storage/v1/b/content-server-bucket-polygonlabs-oys-dev",
            "soft_delete_policy": [
              {
                "effective_time": "2025-06-11T04:53:47.643Z",
                "retention_duration_seconds": 604800
              }
            ],
            "storage_class": "STANDARD",
            "terraform_labels": {
              "goog-terraform-provisioned": "true"
            },
            "time_created": "2025-06-11T04:53:47.643Z",
            "timeouts": null,
            "uniform_bucket_level_access": false,
            "updated": "2025-06-11T04:53:47.643Z",
            "url": "gs://content-server-bucket-polygonlabs-oys-dev",
            "versioning": [],
            "website": []
          },
          "sensitive_attributes": [],
          "private": "eyJlMmJmYjczMC1lY2FhLTExZTYtOGY4OC0zNDM2M2JjN2M0YzAiOnsiY3JlYXRlIjo2MDAwMDAwMDAwMDAsInJlYWQiOjI0MDAwMDAwMDAwMCwidXBkYXRlIjoyNDAwMDAwMDAwMDB9LCJzY2hlbWFfdmVyc2lvbiI6IjMifQ=="
        }
      ]
    }
  ],
  "check_results": null
}
