{
  "version": 4,
  "terraform_version": "1.9.2",
  "serial": 12,
  "lineage": "76ab1010-4c61-d483-93fa-2f38c66daf30",
  "outputs": {},
  "resources": [
    {
      "module": "module.compute",
      "mode": "managed",
      "type": "google_compute_instance",
      "name": "default",
      "provider": "provider[\"registry.terraform.io/hashicorp/google\"]",
      "instances": [
        {
          "schema_version": 6,
          "attributes": {
            "advanced_machine_features": [],
            "allow_stopping_for_update": null,
            "attached_disk": [],
            "boot_disk": [
              {
                "auto_delete": true,
                "device_name": "persistent-disk-0",
                "disk_encryption_key_raw": "",
                "disk_encryption_key_rsa": "",
                "disk_encryption_key_sha256": "",
                "disk_encryption_service_account": "",
                "force_attach": false,
                "guest_os_features": [
                  "UEFI_COMPATIBLE",
                  "VIRTIO_SCSI_MULTIQUEUE",
                  "GVNIC"
                ],
                "initialize_params": [
                  {
                    "architecture": "X86_64",
                    "enable_confidential_compute": false,
                    "image": "https://www.googleapis.com/compute/v1/projects/debian-cloud/global/images/debian-11-bullseye-v20250513",
                    "labels": {},
                    "provisioned_iops": 0,
                    "provisioned_throughput": 0,
                    "resource_manager_tags": {},
                    "resource_policies": [],
                    "size": 10,
                    "snapshot": "",
                    "source_image_encryption_key": [],
                    "source_snapshot_encryption_key": [],
                    "storage_pool": "",
                    "type": "pd-standard"
                  }
                ],
                "interface": "",
                "kms_key_self_link": "",
                "mode": "READ_WRITE",
                "source": "https://www.googleapis.com/compute/v1/projects/polygonlabs-oys-dev/zones/europe-west2-a/disks/my-vm"
              }
            ],
            "can_ip_forward": false,
            "confidential_instance_config": [],
            "cpu_platform": "Intel Broadwell",
            "creation_timestamp": "2025-06-10T01:03:08.032-07:00",
            "current_status": "RUNNING",
            "deletion_protection": false,
            "description": "",
            "desired_status": null,
            "effective_labels": {
              "goog-terraform-provisioned": "true"
            },
            "enable_display": false,
            "guest_accelerator": [],
            "hostname": "",
            "id": "projects/polygonlabs-oys-dev/zones/europe-west2-a/instances/my-vm",
            "instance_encryption_key": [],
            "instance_id": "3188367283037296724",
            "key_revocation_action_type": "",
            "label_fingerprint": "vezUS-42LLM=",
            "labels": {},
            "machine_type": "e2-medium",
            "metadata": {
              "ssh-keys": "oyasin:ecdsa-sha2-nistp256 AAAAE2VjZHNhLXNoYTItbmlzdHAyNTYAAAAIbmlzdHAyNTYAAABBBK03idnKsWNjBrNALzlRo62MMPMy4HCAc3Jz5bFP1X0Qn8a3FENdIHkXTA5ThgXOvMHSSFJNbjD7vBbzC3wfc9Y= google-ssh {\"userName\":\"oyasin@polygonlabs.cloud\",\"expireOn\":\"2025-06-10T08:12:26+0000\"}\noyasin:ssh-rsa AAAAB3NzaC1yc2EAAAADAQABAAABAQCcwGpPQljJDGE6yzFkZyOYi36VjhDy6EJZRwBWot+vj16PtVe4rT4yg0VcS3BixpPvfJU17xRpVy9AruNwFRhDceaX1tRYAC72oovxwKwXtfpUbJTx/izly+fxoSbTXzefzOj4UCIQy+YPhpNWFOvxofpRgUmTQI8TMeYhihdc3k6QWvke0AD/s8dBPusqPPRn1YZkti8tElNZvZytvlm85unqBJI0XVlOFu0RIblvgpwx+d/QbU0vj7oH0zDn3VFCWdUtjPq/8qG2jyZkogyAByf3mdS1UmtKIYP2cZp9zWB9I5XgRY88UCV/WCEciQ6Soc3IUPhZL7IoSzwwOA1p google-ssh {\"userName\":\"oyasin@polygonlabs.cloud\",\"expireOn\":\"2025-06-10T08:12:33+0000\"}\nyasinsaygili:ssh-rsa AAAAB3NzaC1yc2EAAAADAQABAAABgQC21ldWwPyZdGjg47Rn2Y3A2KFjyaAV1poWb3Wk/7cSO2uVxz51Iw2hlEvakszJG6H/vfIJKmyNV6LZQttiiVWv01KhFLjDv7CtZYC/KzVV+zj4tsaIL0yYaDRQxuNKNcW/4AArhwAxg8mQxS8JbXj4xgwxo05r3FQ5f8wb0Pvi9CcASjZQoIe2mUBywhdCj8eampXC2KY9kdAZFTgoZou4caxHzjm790QAssW90RQKry8IfX04yZ6CACEOXDj3wQ4hJnKMhl2xq5XI1BdXduSnqWIhpthodtIaq+G/sokuycelDVotvvRmqVzFnDU3h3SSz/lp1DIOVcvZP0J/7sGhGTTkBLivrLZHrb+D8JAa1omzkd3aKnrJuE40MkGnJypCMHCIWhxvyCZlu8k/VkLTn2tn1LJPkclElQzG85fUZVVxNzJfkk/Lk75dXbXLYzKbfN8GmQpHBgu06vX2ktLYbZ1GOxnJrx5/9607NqXBsCZoc9Sf7LLiwXQ0BVyy6O0= yasinsaygili@yasinsaygili"
            },
            "metadata_fingerprint": "SCsAipCK2mg=",
            "metadata_startup_script": "#!/bin/bash\nsudo apt update\nsudo apt install -y nginx\n",
            "min_cpu_platform": "",
            "name": "my-vm",
            "network_interface": [
              {
                "access_config": [
                  {
                    "nat_ip": "34.142.80.159",
                    "network_tier": "PREMIUM",
                    "public_ptr_domain_name": ""
                  }
                ],
                "alias_ip_range": [],
                "internal_ipv6_prefix_length": 0,
                "ipv6_access_config": [],
                "ipv6_access_type": "",
                "ipv6_address": "",
                "name": "nic0",
                "network": "https://www.googleapis.com/compute/v1/projects/polygonlabs-oys-dev/global/networks/main-vpc",
                "network_attachment": "",
                "network_ip": "10.0.0.2",
                "nic_type": "",
                "queue_count": 0,
                "stack_type": "IPV4_ONLY",
                "subnetwork": "https://www.googleapis.com/compute/v1/projects/polygonlabs-oys-dev/regions/europe-west2/subnetworks/main-subnet",
                "subnetwork_project": "polygonlabs-oys-dev"
              }
            ],
            "network_performance_config": [],
            "params": [],
            "project": "polygonlabs-oys-dev",
            "reservation_affinity": [],
            "resource_policies": [],
            "scheduling": [
              {
                "automatic_restart": true,
                "availability_domain": 0,
                "instance_termination_action": "",
                "local_ssd_recovery_timeout": [],
                "max_run_duration": [],
                "min_node_cpus": 0,
                "node_affinities": [],
                "on_host_maintenance": "MIGRATE",
                "on_instance_stop_action": [],
                "preemptible": false,
                "provisioning_model": "STANDARD",
                "termination_time": ""
              }
            ],
            "scratch_disk": [],
            "self_link": "https://www.googleapis.com/compute/v1/projects/polygonlabs-oys-dev/zones/europe-west2-a/instances/my-vm",
            "service_account": [
              {
                "email": "vm-service-account@polygonlabs-oys-dev.iam.gserviceaccount.com",
                "scopes": [
                  "https://www.googleapis.com/auth/cloud-platform"
                ]
              }
            ],
            "shielded_instance_config": [
              {
                "enable_integrity_monitoring": true,
                "enable_secure_boot": false,
                "enable_vtpm": true
              }
            ],
            "tags": [],
            "tags_fingerprint": "42WmSpB8rSM=",
            "terraform_labels": {
              "goog-terraform-provisioned": "true"
            },
            "timeouts": null,
            "zone": "europe-west2-a"
          },
          "sensitive_attributes": [
            [
              {
                "type": "get_attr",
                "value": "boot_disk"
              },
              {
                "type": "index",
                "value": {
                  "value": 0,
                  "type": "number"
                }
              },
              {
                "type": "get_attr",
                "value": "disk_encryption_key_rsa"
              }
            ],
            [
              {
                "type": "get_attr",
                "value": "boot_disk"
              },
              {
                "type": "index",
                "value": {
                  "value": 0,
                  "type": "number"
                }
              },
              {
                "type": "get_attr",
                "value": "disk_encryption_key_raw"
              }
            ]
          ],
          "private": "eyJlMmJmYjczMC1lY2FhLTExZTYtOGY4OC0zNDM2M2JjN2M0YzAiOnsiY3JlYXRlIjoxMjAwMDAwMDAwMDAwLCJkZWxldGUiOjEyMDAwMDAwMDAwMDAsInVwZGF0ZSI6MTIwMDAwMDAwMDAwMH0sInNjaGVtYV92ZXJzaW9uIjoiNiJ9",
          "dependencies": [
            "module.network.google_compute_network.vpc",
            "module.network.google_compute_subnetwork.subnet"
          ]
        }
      ]
    },
    {
      "module": "module.network",
      "mode": "managed",
      "type": "google_compute_network",
      "name": "vpc",
      "provider": "provider[\"registry.terraform.io/hashicorp/google\"]",
      "instances": [
        {
          "schema_version": 0,
          "attributes": {
            "auto_create_subnetworks": false,
            "bgp_always_compare_med": false,
            "bgp_best_path_selection_mode": "LEGACY",
            "bgp_inter_region_cost": "",
            "delete_default_routes_on_create": false,
            "description": "",
            "enable_ula_internal_ipv6": false,
            "gateway_ipv4": "",
            "id": "projects/polygonlabs-oys-dev/global/networks/main-vpc",
            "internal_ipv6_range": "",
            "mtu": 0,
            "name": "main-vpc",
            "network_firewall_policy_enforcement_order": "AFTER_CLASSIC_FIREWALL",
            "network_id": "5465962670302320747",
            "network_profile": "",
            "numeric_id": "5465962670302320747",
            "project": "polygonlabs-oys-dev",
            "routing_mode": "REGIONAL",
            "self_link": "https://www.googleapis.com/compute/v1/projects/polygonlabs-oys-dev/global/networks/main-vpc",
            "timeouts": null
          },
          "sensitive_attributes": [],
          "private": "eyJlMmJmYjczMC1lY2FhLTExZTYtOGY4OC0zNDM2M2JjN2M0YzAiOnsiY3JlYXRlIjoxMjAwMDAwMDAwMDAwLCJkZWxldGUiOjEyMDAwMDAwMDAwMDAsInVwZGF0ZSI6MTIwMDAwMDAwMDAwMH19"
        }
      ]
    },
    {
      "module": "module.network",
      "mode": "managed",
      "type": "google_compute_subnetwork",
      "name": "subnet",
      "provider": "provider[\"registry.terraform.io/hashicorp/google\"]",
      "instances": [
        {
          "schema_version": 0,
          "attributes": {
            "creation_timestamp": "2025-06-10T01:02:36.923-07:00",
            "description": "",
            "enable_flow_logs": false,
            "external_ipv6_prefix": "",
            "fingerprint": null,
            "gateway_address": "10.0.0.1",
            "id": "projects/polygonlabs-oys-dev/regions/europe-west2/subnetworks/main-subnet",
            "internal_ipv6_prefix": "",
            "ip_cidr_range": "10.0.0.0/24",
            "ip_collection": null,
            "ipv6_access_type": "",
            "ipv6_cidr_range": "",
            "ipv6_gce_endpoint": "",
            "log_config": [],
            "name": "main-subnet",
            "network": "https://www.googleapis.com/compute/v1/projects/polygonlabs-oys-dev/global/networks/main-vpc",
            "private_ip_google_access": false,
            "private_ipv6_google_access": "DISABLE_GOOGLE_ACCESS",
            "project": "polygonlabs-oys-dev",
            "purpose": "PRIVATE",
            "region": "europe-west2",
            "reserved_internal_range": "",
            "role": "",
            "secondary_ip_range": [],
            "self_link": "https://www.googleapis.com/compute/v1/projects/polygonlabs-oys-dev/regions/europe-west2/subnetworks/main-subnet",
            "send_secondary_ip_range_if_empty": null,
            "stack_type": "IPV4_ONLY",
            "state": "",
            "subnetwork_id": 3596028433264171123,
            "timeouts": null
          },
          "sensitive_attributes": [],
          "private": "eyJlMmJmYjczMC1lY2FhLTExZTYtOGY4OC0zNDM2M2JjN2M0YzAiOnsiY3JlYXRlIjoxMjAwMDAwMDAwMDAwLCJkZWxldGUiOjEyMDAwMDAwMDAwMDAsInVwZGF0ZSI6MTIwMDAwMDAwMDAwMH19",
          "dependencies": [
            "module.network.google_compute_network.vpc"
          ]
        }
      ]
    }
  ],
  "check_results": null
}
